
Microsoft Visual Studio Solution File, Format Version 12.00
# Visual Studio 15
VisualStudioVersion = 15.0.27703.2000
MinimumVisualStudioVersion = 10.0.40219.1
Project("{FAE04EC0-301F-11D3-BF4B-00C04F79EFBC}") = "Happy Hut", "Happy Hut\Happy Hut.csproj", "{FC7298B5-4721-4962-97DC-0402D218FC5A}"
EndProject
Global
	GlobalSection(SolutionConfigurationPlatforms) = preSolution
		Debug|Any CPU = Debug|Any CPU
		Release|Any CPU = Release|Any CPU
	EndGlobalSection
	GlobalSection(ProjectConfigurationPlatforms) = postSolution
		{FC7298B5-4721-4962-97DC-0402D218FC5A}.Debug|Any CPU.ActiveCfg = Debug|Any CPU
		{FC7298B5-4721-4962-97DC-0402D218FC5A}.Debug|Any CPU.Build.0 = Debug|Any CPU
		{FC7298B5-4721-4962-97DC-0402D218FC5A}.Release|Any CPU.ActiveCfg = Release|Any CPU
		{FC7298B5-4721-4962-97DC-0402D218FC5A}.Release|Any CPU.Build.0 = Release|Any CPU
	EndGlobalSection
	GlobalSection(SolutionProperties) = preSolution
		HideSolutionNode = FALSE
	EndGlobalSection
	GlobalSection(ExtensibilityGlobals) = postSolution
		SolutionGuid = {1CB22ED3-856B-4973-AA97-1F718769A8E7}
	EndGlobalSection
EndGlobal
